<?xml version="1.0" encoding="UTF-8" standalone="yes" ?>
<CodeBlocks_project_file>
	<FileVersion major="1" minor="6" />
	<Project>
		<Option title="camgraph" />
		<Option pch_mode="2" />
		<Option compiler="gcc" />
		<Build>
			<Target title="Debug-Linux">
				<Option output="../bin/Debug/camgraph" prefix_auto="1" extension_auto="1" />
				<Option object_output="../obj/Debug/" />
				<Option type="1" />
				<Option compiler="gcc" />
				<Compiler>
					<Add option="-g" />
				</Compiler>
			</Target>
			<Target title="Release-Linux">
				<Option output="../bin/Release/camgraph" prefix_auto="1" extension_auto="1" />
				<Option object_output="../obj/Release/" />
				<Option type="1" />
				<Option compiler="gcc" />
				<Compiler>
					<Add option="-O2" />
				</Compiler>
				<Linker>
					<Add option="-s" />
				</Linker>
			</Target>
			<Target title="Debug-Linux-Allegro">
				<Option platforms="Unix;" />
				<Option output="../bin/Debug-Linux-Allegro/camgraph" prefix_auto="1" extension_auto="1" />
				<Option working_dir="" />
				<Option object_output="../obj/Debug-Linux-Allegro/" />
				<Option type="2" />
				<Option compiler="gcc" />
				<Option createDefFile="1" />
				<Compiler>
					<Add option="-g" />
				</Compiler>
				<Linker>
					<Add directory="../libvcol/bin/Debug-Linux" />
				</Linker>
			</Target>
			<Target title="Debug-Linux-SDL">
				<Option platforms="Unix;" />
				<Option output="../bin/Debug-Linux-SDL/camgraph" prefix_auto="1" extension_auto="1" />
				<Option working_dir="" />
				<Option object_output="../obj/Debug-Linux-SDL/" />
				<Option type="2" />
				<Option compiler="gcc" />
				<Option createDefFile="1" />
				<Compiler>
					<Add option="-g" />
				</Compiler>
				<Linker>
					<Add directory="../libvcol/bin/Debug-Linux" />
				</Linker>
			</Target>
			<Target title="Debug-Win32-GDI">
				<Option platforms="Windows;" />
				<Option output="../bin/Debug-Win32-GDI/camgraph" prefix_auto="1" extension_auto="1" />
				<Option working_dir="" />
				<Option object_output="../obj/Debug-Win32-GDI/" />
				<Option type="2" />
				<Option compiler="gcc" />
				<Option createDefFile="1" />
				<Compiler>
					<Add option="-g" />
				</Compiler>
			</Target>
		</Build>
		<Compiler>
			<Add option="-Wall" />
			<Add directory="../libvcol/src" />
		</Compiler>
		<Unit filename="src/colors.h" />
		<Unit filename="src/font.h" />
		<Unit filename="src/graphics.c">
			<Option compilerVar="CC" />
		</Unit>
		<Unit filename="src/graphics.h" />
		<Unit filename="src/graphics/allegrog.c">
			<Option compilerVar="CC" />
			<Option target="Debug-Linux" />
			<Option target="Release-Linux" />
			<Option target="Debug-Linux-Allegro" />
		</Unit>
		<Unit filename="src/graphics/sdlg.c">
			<Option compilerVar="CC" />
			<Option target="Debug-Linux" />
			<Option target="Release-Linux" />
			<Option target="Debug-Linux-SDL" />
		</Unit>
		<Unit filename="src/graphics/win32g.c">
			<Option compilerVar="CC" />
			<Option target="Debug-Linux" />
			<Option target="Release-Linux" />
			<Option target="Debug-Win32-GDI" />
		</Unit>
		<Extensions>
			<code_completion />
			<envvars />
			<debugger />
			<lib_finder disable_auto="1" />
		</Extensions>
	</Project>
</CodeBlocks_project_file>
